
Microsoft Visual Studio Solution File, Format Version 12.00
# Visual Studio Version 17
VisualStudioVersion = 17.3.32929.385
MinimumVisualStudioVersion = 10.0.40219.1
Project("{FAE04EC0-301F-11D3-BF4B-00C04F79EFBC}") = "SubTask.14.3.3.New", "SubTask.14.3.3.New\SubTask.14.3.3.New.csproj", "{CCE27C3D-BEC9-4831-A5E3-FA88539F6984}"
EndProject
Global
	GlobalSection(SolutionConfigurationPlatforms) = preSolution
		Debug|Any CPU = Debug|Any CPU
		Release|Any CPU = Release|Any CPU
	EndGlobalSection
	GlobalSection(ProjectConfigurationPlatforms) = postSolution
		{CCE27C3D-BEC9-4831-A5E3-FA88539F6984}.Debug|Any CPU.ActiveCfg = Debug|Any CPU
		{CCE27C3D-BEC9-4831-A5E3-FA88539F6984}.Debug|Any CPU.Build.0 = Debug|Any CPU
		{CCE27C3D-BEC9-4831-A5E3-FA88539F6984}.Release|Any CPU.ActiveCfg = Release|Any CPU
		{CCE27C3D-BEC9-4831-A5E3-FA88539F6984}.Release|Any CPU.Build.0 = Release|Any CPU
	EndGlobalSection
	GlobalSection(SolutionProperties) = preSolution
		HideSolutionNode = FALSE
	EndGlobalSection
	GlobalSection(ExtensibilityGlobals) = postSolution
		SolutionGuid = {458AE094-4B00-4750-9EA3-77705E16A258}
	EndGlobalSection
EndGlobal
